
Microsoft Visual Studio Solution File, Format Version 12.00
# Visual Studio 2013
VisualStudioVersion = 12.0.31101.0
MinimumVisualStudioVersion = 10.0.40219.1
Project("{FAE04EC0-301F-11D3-BF4B-00C04F79EFBC}") = "YATApplication", "YATApplication\YATApplication.csproj", "{33CADAA6-579A-406D-BED5-EED3DDB9F8D9}"
EndProject
Project("{FAE04EC0-301F-11D3-BF4B-00C04F79EFBC}") = "YATApplication.Tests", "YATApplication.Tests\YATApplication.Tests.csproj", "{2BB1A201-3337-4ED7-9D44-51F257C335C6}"
EndProject
Project("{FAE04EC0-301F-11D3-BF4B-00C04F79EFBC}") = "YATApplication.Data", "YATApplication.Data\YATApplication.Data.csproj", "{C9C3258D-E0D4-4B64-B8FF-96044785C880}"
EndProject
Project("{FAE04EC0-301F-11D3-BF4B-00C04F79EFBC}") = "ConsoleApplication1", "ConsoleApplication1\ConsoleApplication1.csproj", "{54E38271-B46B-432F-AC76-6B7E8E9ECBE4}"
EndProject
Global
	GlobalSection(SolutionConfigurationPlatforms) = preSolution
		Debug|Any CPU = Debug|Any CPU
		Release|Any CPU = Release|Any CPU
	EndGlobalSection
	GlobalSection(ProjectConfigurationPlatforms) = postSolution
		{33CADAA6-579A-406D-BED5-EED3DDB9F8D9}.Debug|Any CPU.ActiveCfg = Debug|Any CPU
		{33CADAA6-579A-406D-BED5-EED3DDB9F8D9}.Debug|Any CPU.Build.0 = Debug|Any CPU
		{33CADAA6-579A-406D-BED5-EED3DDB9F8D9}.Release|Any CPU.ActiveCfg = Release|Any CPU
		{33CADAA6-579A-406D-BED5-EED3DDB9F8D9}.Release|Any CPU.Build.0 = Release|Any CPU
		{2BB1A201-3337-4ED7-9D44-51F257C335C6}.Debug|Any CPU.ActiveCfg = Debug|Any CPU
		{2BB1A201-3337-4ED7-9D44-51F257C335C6}.Debug|Any CPU.Build.0 = Debug|Any CPU
		{2BB1A201-3337-4ED7-9D44-51F257C335C6}.Release|Any CPU.ActiveCfg = Release|Any CPU
		{2BB1A201-3337-4ED7-9D44-51F257C335C6}.Release|Any CPU.Build.0 = Release|Any CPU
		{C9C3258D-E0D4-4B64-B8FF-96044785C880}.Debug|Any CPU.ActiveCfg = Debug|Any CPU
		{C9C3258D-E0D4-4B64-B8FF-96044785C880}.Debug|Any CPU.Build.0 = Debug|Any CPU
		{C9C3258D-E0D4-4B64-B8FF-96044785C880}.Release|Any CPU.ActiveCfg = Release|Any CPU
		{C9C3258D-E0D4-4B64-B8FF-96044785C880}.Release|Any CPU.Build.0 = Release|Any CPU
		{54E38271-B46B-432F-AC76-6B7E8E9ECBE4}.Debug|Any CPU.ActiveCfg = Debug|Any CPU
		{54E38271-B46B-432F-AC76-6B7E8E9ECBE4}.Debug|Any CPU.Build.0 = Debug|Any CPU
		{54E38271-B46B-432F-AC76-6B7E8E9ECBE4}.Release|Any CPU.ActiveCfg = Release|Any CPU
		{54E38271-B46B-432F-AC76-6B7E8E9ECBE4}.Release|Any CPU.Build.0 = Release|Any CPU
	EndGlobalSection
	GlobalSection(SolutionProperties) = preSolution
		HideSolutionNode = FALSE
	EndGlobalSection
EndGlobal
